#
# This file is autogenerated by pip-compile with Python 3.9
# by the following command:
#
#    pip-compile --generate-hashes --output-file=validation/requirements-ci.lock validation/requirements-ci.txt
#
numpy==2.0.2 \
    --hash=sha256:0123ffdaa88fa4ab64835dcbde75dcdf89c453c922f18dced6e27c90d1d0ec5a \
    --hash=sha256:11a76c372d1d37437857280aa142086476136a8c0f373b2e648ab2c8f18fb195 \
    --hash=sha256:13e689d772146140a252c3a28501da66dfecd77490b498b168b501835041f951 \
    --hash=sha256:1e795a8be3ddbac43274f18588329c72939870a16cae810c2b73461c40718ab1 \
    --hash=sha256:26df23238872200f63518dd2aa984cfca675d82469535dc7162dc2ee52d9dd5c \
    --hash=sha256:286cd40ce2b7d652a6f22efdfc6d1edf879440e53e76a75955bc0c826c7e64dc \
    --hash=sha256:2b2955fa6f11907cf7a70dab0d0755159bca87755e831e47932367fc8f2f2d0b \
    --hash=sha256:2da5960c3cf0df7eafefd806d4e612c5e19358de82cb3c343631188991566ccd \
    --hash=sha256:312950fdd060354350ed123c0e25a71327d3711584beaef30cdaa93320c392d4 \
    --hash=sha256:423e89b23490805d2a5a96fe40ec507407b8ee786d66f7328be214f9679df6dd \
    --hash=sha256:496f71341824ed9f3d2fd36cf3ac57ae2e0165c143b55c3a035ee219413f3318 \
    --hash=sha256:49ca4decb342d66018b01932139c0961a8f9ddc7589611158cb3c27cbcf76448 \
    --hash=sha256:51129a29dbe56f9ca83438b706e2e69a39892b5eda6cedcb6b0c9fdc9b0d3ece \
    --hash=sha256:5fec9451a7789926bcf7c2b8d187292c9f93ea30284802a0ab3f5be8ab36865d \
    --hash=sha256:671bec6496f83202ed2d3c8fdc486a8fc86942f2e69ff0e986140339a63bcbe5 \
    --hash=sha256:7f0a0c6f12e07fa94133c8a67404322845220c06a9e80e85999afe727f7438b8 \
    --hash=sha256:807ec44583fd708a21d4a11d94aedf2f4f3c3719035c76a2bbe1fe8e217bdc57 \
    --hash=sha256:883c987dee1880e2a864ab0dc9892292582510604156762362d9326444636e78 \
    --hash=sha256:8c5713284ce4e282544c68d1c3b2c7161d38c256d2eefc93c1d683cf47683e66 \
    --hash=sha256:8cafab480740e22f8d833acefed5cc87ce276f4ece12fdaa2e8903db2f82897a \
    --hash=sha256:8df823f570d9adf0978347d1f926b2a867d5608f434a7cff7f7908c6570dcf5e \
    --hash=sha256:9059e10581ce4093f735ed23f3b9d283b9d517ff46009ddd485f1747eb22653c \
    --hash=sha256:905d16e0c60200656500c95b6b8dca5d109e23cb24abc701d41c02d74c6b3afa \
    --hash=sha256:9189427407d88ff25ecf8f12469d4d39d35bee1db5d39fc5c168c6f088a6956d \
    --hash=sha256:96a55f64139912d61de9137f11bf39a55ec8faec288c75a54f93dfd39f7eb40c \
    --hash=sha256:97032a27bd9d8988b9a97a8c4d2c9f2c15a81f61e2f21404d7e8ef00cb5be729 \
    --hash=sha256:984d96121c9f9616cd33fbd0618b7f08e0cfc9600a7ee1d6fd9b239186d19d97 \
    --hash=sha256:9a92ae5c14811e390f3767053ff54eaee3bf84576d99a2456391401323f4ec2c \
    --hash=sha256:9ea91dfb7c3d1c56a0e55657c0afb38cf1eeae4544c208dc465c3c9f3a7c09f9 \
    --hash=sha256:a15f476a45e6e5a3a79d8a14e62161d27ad897381fecfa4a09ed5322f2085669 \
    --hash=sha256:a392a68bd329eafac5817e5aefeb39038c48b671afd242710b451e76090e81f4 \
    --hash=sha256:a3f4ab0caa7f053f6797fcd4e1e25caee367db3112ef2b6ef82d749530768c73 \
    --hash=sha256:a46288ec55ebbd58947d31d72be2c63cbf839f0a63b49cb755022310792a3385 \
    --hash=sha256:a61ec659f68ae254e4d237816e33171497e978140353c0c2038d46e63282d0c8 \
    --hash=sha256:a842d573724391493a97a62ebbb8e731f8a5dcc5d285dfc99141ca15a3302d0c \
    --hash=sha256:becfae3ddd30736fe1889a37f1f580e245ba79a5855bff5f2a29cb3ccc22dd7b \
    --hash=sha256:c05e238064fc0610c840d1cf6a13bf63d7e391717d247f1bf0318172e759e692 \
    --hash=sha256:c1c9307701fec8f3f7a1e6711f9089c06e6284b3afbbcd259f7791282d660a15 \
    --hash=sha256:c7b0be4ef08607dd04da4092faee0b86607f111d5ae68036f16cc787e250a131 \
    --hash=sha256:cfd41e13fdc257aa5778496b8caa5e856dc4896d4ccf01841daee1d96465467a \
    --hash=sha256:d731a1c6116ba289c1e9ee714b08a8ff882944d4ad631fd411106a30f083c326 \
    --hash=sha256:df55d490dea7934f330006d0f81e8551ba6010a5bf035a249ef61a94f21c500b \
    --hash=sha256:ec9852fb39354b5a45a80bdab5ac02dd02b15f44b3804e9f00c556bf24b4bded \
    --hash=sha256:f15975dfec0cf2239224d80e32c3170b1d168335eaedee69da84fbe9f1f9cd04 \
    --hash=sha256:f26b258c385842546006213344c50655ff1555a9338e2e5e02a0756dc3e803dd
    # via
    #   -r validation/requirements-ci.txt
    #   pymodes
pymodes==2.21.1 \
    --hash=sha256:05afc4e14ffa825ef9ed3f56bf7e73f2705ff5b136232ed550af21d340120ffb \
    --hash=sha256:190d4eba517e5087d150a91b1c120ba64ca02cb3634d6e2b719c8d8b4982228f \
    --hash=sha256:3cf5c47bfc6314b0430bb44935a44aadc7304b4f94aac63a64eb72997d1c4cbc \
    --hash=sha256:42cbd67e6468bef0861243872220fafe6fd9ec88b6e573b74b239a476c5dbb14 \
    --hash=sha256:48f4c8b158c3aaade3bb63098fa36034c879f174b7ea6d6fda07e24685223af2 \
    --hash=sha256:4a6290f5cdf0595ef90a63aaea90c1a1ec7ae699ac0dbe41e7ab7d9358b6528e \
    --hash=sha256:4ef1b75f0f4349fcfba548e1511e21106189a246fee65dd55f342a1f14eb7e52 \
    --hash=sha256:55be696f37d27d6cc83bd8db96493edc8a3a7f96c8172d2a2eb180ce54056484 \
    --hash=sha256:5d1be24662d6d86360947c8c34855138b749b8c26cc8d486a31e499ebc6264f5 \
    --hash=sha256:69cb00fff1388530f7925ce08706828eb69497c662f7800e3d7dc3e59fd86d50 \
    --hash=sha256:70849d243e7ccef91f3ad5e69e1a233760c1435b1ee480fc109952faf82ded7f \
    --hash=sha256:7150c92109ba503c1ed1dc21027382525aa5166d74ac21706c7428e564495ab5 \
    --hash=sha256:82340c0cc6b736c8672863b6d84e53e1ff0d5e4275ea863b346a95369de97e56 \
    --hash=sha256:8238d0569ba81f03978165783733b9e961e9f2a55d97f5e8de2f6e11125f0754 \
    --hash=sha256:876fb276c29fa8ecaf07be79c2d74475b63732124bb87e764aeab3841b9113df \
    --hash=sha256:a176e1ad6efb915a6f55f8203c5a2650da9da59797de4a2537e5dd5f79136d45 \
    --hash=sha256:abe13300dbebd1168620eebff7defc8a280ca0fa994e0f9eef6162d16185b750 \
    --hash=sha256:ad0637d413caaec388910ce4db29cc3adddecbe81cf22cd2c689f583975c2e11 \
    --hash=sha256:b46cb4ebc0850271b1c03b03fc2417c61756db618ae8f732e935dbfca81d81bd \
    --hash=sha256:b504363a39b6dd3f525a67f91c83e16e920f1d5780774a40d95a2c87e0337c94 \
    --hash=sha256:b7a0aa0d19e2d248a625b5e83060844316b25b221b0487709adf1fe632c4f6f3 \
    --hash=sha256:d005b58a35fd02690711889851734d5c5b3e14e83f9b25b312cbfddd0c706c71 \
    --hash=sha256:d015e09d22908203893fb3482579ba769c5322e77b2f402f016ad1a3d11d6df7 \
    --hash=sha256:e929cfefcd4c66f60bbe6e5dac65554928ad4260187be897fde9e99e44e71f7f \
    --hash=sha256:f645d7f6073b7718232c25f3551fd08dcfba15906d66101b3c61bd95518ef30b
    # via -r validation/requirements-ci.txt
pyzmq==27.0.1 \
    --hash=sha256:05a94233fdde585eb70924a6e4929202a747eea6ed308a6171c4f1c715bbe39e \
    --hash=sha256:092f4011b26d6b0201002f439bd74b38f23f3aefcb358621bdc3b230afc9b2d5 \
    --hash=sha256:0ec09073ed67ae236785d543df3b322282acc0bdf6d1b748c3e81f3043b21cb5 \
    --hash=sha256:0f772eea55cccce7f45d6ecdd1d5049c12a77ec22404f6b892fae687faa87bee \
    --hash=sha256:0fc24bf45e4a454e55ef99d7f5c8b8712539200ce98533af25a5bfa954b6b390 \
    --hash=sha256:119ce8590409702394f959c159d048002cbed2f3c0645ec9d6a88087fc70f0f1 \
    --hash=sha256:1843fd0daebcf843fe6d4da53b8bdd3fc906ad3e97d25f51c3fed44436d82a49 \
    --hash=sha256:19dce6c93656f9c469540350d29b128cd8ba55b80b332b431b9a1e9ff74cfd01 \
    --hash=sha256:1c363c6dc66352331d5ad64bb838765c6692766334a6a02fdb05e76bd408ae18 \
    --hash=sha256:1d59dad4173dc2a111f03e59315c7bd6e73da1a9d20a84a25cf08325b0582b1a \
    --hash=sha256:1da8e645c655d86f0305fb4c65a0d848f461cd90ee07d21f254667287b5dbe50 \
    --hash=sha256:2329f0c87f0466dce45bba32b63f47018dda5ca40a0085cc5c8558fea7d9fc55 \
    --hash=sha256:27a78bdd384dbbe7b357af95f72efe8c494306b5ec0a03c31e2d53d6763e5307 \
    --hash=sha256:2852f67371918705cc18b321695f75c5d653d5d8c4a9b946c1eec4dab2bd6fdf \
    --hash=sha256:313a7b374e3dc64848644ca348a51004b41726f768b02e17e689f1322366a4d9 \
    --hash=sha256:351bf5d8ca0788ca85327fda45843b6927593ff4c807faee368cc5aaf9f809c2 \
    --hash=sha256:4401649bfa0a38f0f8777f8faba7cd7eb7b5b8ae2abc7542b830dd09ad4aed0d \
    --hash=sha256:44909aa3ed2234d69fe81e1dade7be336bcfeab106e16bdaa3318dcde4262b93 \
    --hash=sha256:45c3e00ce16896ace2cd770ab9057a7cf97d4613ea5f2a13f815141d8b6894b9 \
    --hash=sha256:45c549204bc20e7484ffd2555f6cf02e572440ecf2f3bdd60d4404b20fddf64b \
    --hash=sha256:497bd8af534ae55dc4ef67eebd1c149ff2a0b0f1e146db73c8b5a53d83c1a5f5 \
    --hash=sha256:4b9d8e26fb600d0d69cc9933e20af08552e97cc868a183d38a5c0d661e40dfbb \
    --hash=sha256:4bca8abc31799a6f3652d13f47e0b0e1cab76f9125f2283d085a3754f669b607 \
    --hash=sha256:4c3874344fd5fa6d58bb51919708048ac4cab21099f40a227173cddb76b4c20b \
    --hash=sha256:4f6886c59ba93ffde09b957d3e857e7950c8fe818bd5494d9b4287bc6d5bc7f1 \
    --hash=sha256:5268a5a9177afff53dc6d70dffe63114ba2a6e7b20d9411cc3adeba09eeda403 \
    --hash=sha256:544b995a6a1976fad5d7ff01409b4588f7608ccc41be72147700af91fd44875d \
    --hash=sha256:56a3b1853f3954ec1f0e91085f1350cc57d18f11205e4ab6e83e4b7c414120e0 \
    --hash=sha256:571f762aed89025ba8cdcbe355fea56889715ec06d0264fd8b6a3f3fa38154ed \
    --hash=sha256:57bb92abdb48467b89c2d21da1ab01a07d0745e536d62afd2e30d5acbd0092eb \
    --hash=sha256:58cca552567423f04d06a075f4b473e78ab5bdb906febe56bf4797633f54aa4e \
    --hash=sha256:64ca3c7c614aefcdd5e358ecdd41d1237c35fe1417d01ec0160e7cdb0a380edc \
    --hash=sha256:678e50ec112bdc6df5a83ac259a55a4ba97a8b314c325ab26b3b5b071151bc61 \
    --hash=sha256:696900ef6bc20bef6a242973943574f96c3f97d2183c1bd3da5eea4f559631b1 \
    --hash=sha256:6dcbcb34f5c9b0cefdfc71ff745459241b7d3cda5b27c7ad69d45afc0821d1e1 \
    --hash=sha256:6f02f30a4a6b3efe665ab13a3dd47109d80326c8fd286311d1ba9f397dc5f247 \
    --hash=sha256:70b719a130b81dd130a57ac0ff636dc2c0127c5b35ca5467d1b67057e3c7a4d2 \
    --hash=sha256:72d235d6365ca73d8ce92f7425065d70f5c1e19baa458eb3f0d570e425b73a96 \
    --hash=sha256:7418fb5736d0d39b3ecc6bec4ff549777988feb260f5381636d8bd321b653038 \
    --hash=sha256:77fed80e30fa65708546c4119840a46691290efc231f6bfb2ac2a39b52e15811 \
    --hash=sha256:7ebccf0d760bc92a4a7c751aeb2fef6626144aace76ee8f5a63abeb100cae87f \
    --hash=sha256:7fb0ee35845bef1e8c4a152d766242164e138c239e3182f558ae15cb4a891f94 \
    --hash=sha256:87aebf4acd7249bdff8d3df03aed4f09e67078e6762cfe0aecf8d0748ff94cde \
    --hash=sha256:88dc92d9eb5ea4968123e74db146d770b0c8d48f0e2bfb1dbc6c50a8edb12d64 \
    --hash=sha256:8c62297bc7aea2147b472ca5ca2b4389377ad82898c87cabab2a94aedd75e337 \
    --hash=sha256:8f617f60a8b609a13099b313e7e525e67f84ef4524b6acad396d9ff153f6e4cd \
    --hash=sha256:90a4da42aa322de8a3522461e3b5fe999935763b27f69a02fced40f4e3cf9682 \
    --hash=sha256:95594b2ceeaa94934e3e94dd7bf5f3c3659cf1a26b1fb3edcf6e42dad7e0eaf2 \
    --hash=sha256:9729190bd770314f5fbba42476abf6abe79a746eeda11d1d68fd56dd70e5c296 \
    --hash=sha256:9d16fdfd7d70a6b0ca45d36eb19f7702fa77ef6256652f17594fc9ce534c9da6 \
    --hash=sha256:9d7b6b90da7285642f480b48c9efd1d25302fd628237d8f6f6ee39ba6b2d2d34 \
    --hash=sha256:a066ea6ad6218b4c233906adf0ae67830f451ed238419c0db609310dd781fbe7 \
    --hash=sha256:a27fa11ebaccc099cac4309c799aa33919671a7660e29b3e465b7893bc64ec81 \
    --hash=sha256:a4aca06ba295aa78bec9b33ec028d1ca08744c36294338c41432b7171060c808 \
    --hash=sha256:af2ee67b3688b067e20fea3fe36b823a362609a1966e7e7a21883ae6da248804 \
    --hash=sha256:af7ebce2a1e7caf30c0bb64a845f63a69e76a2fadbc1cac47178f7bb6e657bdd \
    --hash=sha256:b007e5dcba684e888fbc90554cb12a2f4e492927c8c2761a80b7590209821743 \
    --hash=sha256:b25e72e115399a4441aad322258fa8267b873850dc7c276e3f874042728c2b45 \
    --hash=sha256:b978c0678cffbe8860ec9edc91200e895c29ae1ac8a7085f947f8e8864c489fb \
    --hash=sha256:b99ea9d330e86ce1ff7f2456b33f1bf81c43862a5590faf4ef4ed3a63504bdab \
    --hash=sha256:b9fd0fda730461f510cfd9a40fafa5355d65f5e3dbdd8d6dfa342b5b3f5d1949 \
    --hash=sha256:ba068f28028849da725ff9185c24f832ccf9207a40f9b28ac46ab7c04994bd41 \
    --hash=sha256:be45a895f98877271e8a0b6cf40925e0369121ce423421c20fa6d7958dc753c2 \
    --hash=sha256:bee5248d5ec9223545f8cc4f368c2d571477ae828c99409125c3911511d98245 \
    --hash=sha256:c512824360ea7490390566ce00bee880e19b526b312b25cc0bc30a0fe95cb67f \
    --hash=sha256:c9180d1f5b4b73e28b64e63cc6c4c097690f102aa14935a62d5dd7426a4e5b5a \
    --hash=sha256:c96702e1082eab62ae583d64c4e19c9b848359196697e536a0c57ae9bd165bd5 \
    --hash=sha256:c9d63d66059114a6756d09169c9209ffceabacb65b9cb0f66e6fc344b20b73e6 \
    --hash=sha256:ce181dd1a7c6c012d0efa8ab603c34b5ee9d86e570c03415bbb1b8772eeb381c \
    --hash=sha256:d0356a21e58c3e99248930ff73cc05b1d302ff50f41a8a47371aefb04327378a \
    --hash=sha256:d0b96c30be9f9387b18b18b6133c75a7b1b0065da64e150fe1feb5ebf31ece1c \
    --hash=sha256:d2976b7079f09f48d59dc123293ed6282fca6ef96a270f4ea0364e4e54c8e855 \
    --hash=sha256:d97b59cbd8a6c8b23524a8ce237ff9504d987dc07156258aa68ae06d2dd5f34d \
    --hash=sha256:da81512b83032ed6cdf85ca62e020b4c23dda87f1b6c26b932131222ccfdbd27 \
    --hash=sha256:df2c55c958d3766bdb3e9d858b911288acec09a9aab15883f384fc7180df5bed \
    --hash=sha256:dfb2bb5e0f7198eaacfb6796fb0330afd28f36d985a770745fba554a5903595a \
    --hash=sha256:e4f22d67756518d71901edf73b38dc0eb4765cce22c8fe122cc81748d425262b \
    --hash=sha256:e648dca28178fc879c814cf285048dd22fd1f03e1104101106505ec0eea50a4d \
    --hash=sha256:e971d8680003d0af6020713e52f92109b46fedb463916e988814e04c8133578a \
    --hash=sha256:ee16906c8025fa464bea1e48128c048d02359fb40bebe5333103228528506530 \
    --hash=sha256:f293a1419266e3bf3557d1f8778f9e1ffe7e6b2c8df5c9dca191caf60831eb74 \
    --hash=sha256:f379f11e138dfd56c3f24a04164f871a08281194dd9ddf656a278d7d080c8ad0 \
    --hash=sha256:f44e7ea288d022d4bf93b9e79dafcb4a7aea45a3cbeae2116792904931cefccf \
    --hash=sha256:f5b6133c8d313bde8bd0d123c169d22525300ff164c2189f849de495e1344577 \
    --hash=sha256:f65741cc06630652e82aa68ddef4986a3ab9073dd46d59f94ce5f005fa72037c \
    --hash=sha256:f8c3b74f1cd577a5a9253eae7ed363f88cbb345a990ca3027e9038301d47c7f4 \
    --hash=sha256:f96a63aecec22d3f7fdea3c6c98df9e42973f5856bb6812c3d8d78c262fee808 \
    --hash=sha256:f98f6b7787bd2beb1f0dde03f23a0621a0c978edf673b7d8f5e7bc039cbe1b60 \
    --hash=sha256:fde26267416c8478c95432c81489b53f57b0b5d24cd5c8bfaebf5bbaac4dc90c \
    --hash=sha256:fe632fa4501154d58dfbe1764a0495734d55f84eaf1feda4549a1f1ca76659e9 \
    --hash=sha256:ff3f8757570e45da7a5bedaa140489846510014f7a9d5ee9301c61f3f1b8a686 \
    --hash=sha256:ffe6b809a97ac6dea524b3b837d5b28743d8c2f121141056d168ff0ba8f614ef
    # via
    #   -r validation/requirements-ci.txt
    #   pymodes
